
Microsoft Visual Studio Solution File, Format Version 12.00
# Visual Studio 15
VisualStudioVersion = 15.0.27703.2026
MinimumVisualStudioVersion = 10.0.40219.1
Project("{9A19103F-16F7-4668-BE54-9A1E7A4F7556}") = "Pos.Web", "Pos.Web\Pos.Web.csproj", "{252DE533-3B92-4A2D-BEE0-AC2BC30C71AA}"
EndProject
Project("{FAE04EC0-301F-11D3-BF4B-00C04F79EFBC}") = "Pos.Web.UnitTests", "Pos.Web.UnitTests\Pos.Web.UnitTests.csproj", "{75A894B1-8EE1-40DA-B18C-5ABFF6E62BE9}"
EndProject
Global
	GlobalSection(SolutionConfigurationPlatforms) = preSolution
		Debug|Any CPU = Debug|Any CPU
		Release|Any CPU = Release|Any CPU
	EndGlobalSection
	GlobalSection(ProjectConfigurationPlatforms) = postSolution
		{252DE533-3B92-4A2D-BEE0-AC2BC30C71AA}.Debug|Any CPU.ActiveCfg = Debug|Any CPU
		{252DE533-3B92-4A2D-BEE0-AC2BC30C71AA}.Debug|Any CPU.Build.0 = Debug|Any CPU
		{252DE533-3B92-4A2D-BEE0-AC2BC30C71AA}.Release|Any CPU.ActiveCfg = Release|Any CPU
		{252DE533-3B92-4A2D-BEE0-AC2BC30C71AA}.Release|Any CPU.Build.0 = Release|Any CPU
		{75A894B1-8EE1-40DA-B18C-5ABFF6E62BE9}.Debug|Any CPU.ActiveCfg = Debug|Any CPU
		{75A894B1-8EE1-40DA-B18C-5ABFF6E62BE9}.Debug|Any CPU.Build.0 = Debug|Any CPU
		{75A894B1-8EE1-40DA-B18C-5ABFF6E62BE9}.Release|Any CPU.ActiveCfg = Release|Any CPU
		{75A894B1-8EE1-40DA-B18C-5ABFF6E62BE9}.Release|Any CPU.Build.0 = Release|Any CPU
	EndGlobalSection
	GlobalSection(SolutionProperties) = preSolution
		HideSolutionNode = FALSE
	EndGlobalSection
	GlobalSection(ExtensibilityGlobals) = postSolution
		SolutionGuid = {AC36F32D-94B5-44BE-835A-E42FD3B7EA9D}
	EndGlobalSection
EndGlobal
