
Microsoft Visual Studio Solution File, Format Version 12.00
# Visual Studio 15
VisualStudioVersion = 15.0.27703.2026
MinimumVisualStudioVersion = 10.0.40219.1
Project("{9A19103F-16F7-4668-BE54-9A1E7A4F7556}") = "Samples", "Samples\Samples.csproj", "{B39C20BE-4FB6-4F84-AD35-0A5EF3445450}"
EndProject
Project("{FAE04EC0-301F-11D3-BF4B-00C04F79EFBC}") = "Samples.UnitTests", "Samples.UnitTests\Samples.UnitTests.csproj", "{FCC1A87A-F64C-4FF9-B0F3-48C3BCF9A5A2}"
EndProject
Global
	GlobalSection(SolutionConfigurationPlatforms) = preSolution
		Debug|Any CPU = Debug|Any CPU
		Release|Any CPU = Release|Any CPU
	EndGlobalSection
	GlobalSection(ProjectConfigurationPlatforms) = postSolution
		{B39C20BE-4FB6-4F84-AD35-0A5EF3445450}.Debug|Any CPU.ActiveCfg = Debug|Any CPU
		{B39C20BE-4FB6-4F84-AD35-0A5EF3445450}.Debug|Any CPU.Build.0 = Debug|Any CPU
		{B39C20BE-4FB6-4F84-AD35-0A5EF3445450}.Release|Any CPU.ActiveCfg = Release|Any CPU
		{B39C20BE-4FB6-4F84-AD35-0A5EF3445450}.Release|Any CPU.Build.0 = Release|Any CPU
		{FCC1A87A-F64C-4FF9-B0F3-48C3BCF9A5A2}.Debug|Any CPU.ActiveCfg = Debug|Any CPU
		{FCC1A87A-F64C-4FF9-B0F3-48C3BCF9A5A2}.Debug|Any CPU.Build.0 = Debug|Any CPU
		{FCC1A87A-F64C-4FF9-B0F3-48C3BCF9A5A2}.Release|Any CPU.ActiveCfg = Release|Any CPU
		{FCC1A87A-F64C-4FF9-B0F3-48C3BCF9A5A2}.Release|Any CPU.Build.0 = Release|Any CPU
	EndGlobalSection
	GlobalSection(SolutionProperties) = preSolution
		HideSolutionNode = FALSE
	EndGlobalSection
	GlobalSection(ExtensibilityGlobals) = postSolution
		SolutionGuid = {CB94E83F-6D9C-4348-83D2-0AE8E53E61F2}
	EndGlobalSection
EndGlobal
